hash: 9f68bb5f9375903904572cc0d4c6730f64970086969f21710cf34e111404ee28
updated: 2018-07-23T12:41:09.128905+05:30
imports:
- name: github.com/gin-contrib/sse
  version: 22d885f9ecc78bf4ee5d72b937e4bbcdc58e8cae
- name: github.com/gin-gonic/gin
  version: d459835d2b077e44f7c9b453505ee29881d5d12d
  subpackages:
  - binding
  - render
- name: github.com/golang/protobuf
  version: 427e165155e0a4ff5993a36657c1f733f5b0f782
  subpackages:
  - proto
- name: github.com/gomodule/redigo
  version: 9c11da706d9b7902c6da69c592f75637793fe121
  subpackages:
  - internal
  - redis
- name: github.com/jinzhu/gorm
  version: 6ed508ec6a4ecb3531899a69cbc746ccf65a4166
  subpackages:
  - dialects/postgres
- name: github.com/jinzhu/inflection
  version: 04140366298a54a039076d798123ffa108fff46c
- name: github.com/lib/pq
  version: 90697d60dd844d5ef6ff15135d0203f65d2f53b8
  subpackages:
  - hstore
  - oid
- name: github.com/mattn/go-isatty
  version: 6ca4dbf54d38eea1a992b3c722a76a5d1c4cb25c
- name: github.com/onsi/ginkgo
  version: 3774a09d95489ccaa16032e0770d08ea77ba6184
  subpackages:
  - config
  - ginkgo
  - internal/codelocation
  - internal/containernode
  - internal/failer
  - internal/leafnodes
  - internal/remote
  - internal/spec
  - internal/spec_iterator
  - internal/specrunner
  - internal/suite
  - internal/testingtproxy
  - internal/writer
  - reporters
  - reporters/stenographer
  - reporters/stenographer/support/go-colorable
  - reporters/stenographer/support/go-isatty
  - types
- name: github.com/onsi/gomega
  version: b6ea1ea48f981d0f615a154a45eabb9dd466556d
  subpackages:
  - '...'
  - format
  - internal/assertion
  - internal/asyncassertion
  - internal/oraclematcher
  - internal/testingtsupport
  - matchers
  - matchers/support/goraph/bipartitegraph
  - matchers/support/goraph/edge
  - matchers/support/goraph/node
  - matchers/support/goraph/util
  - types
- name: github.com/sirupsen/logrus
  version: 3e01752db0189b9157070a0e1668a620f9a85da2
- name: github.com/ugorji/go
  version: 2e1067cd04ec91c6fdf491ac8028c9d3aea73ab4
  subpackages:
  - codec
- name: golang.org/x/crypto
  version: a2144134853fc9a27a7b1e3eb4f19f1a76df13c9
  subpackages:
  - ssh/terminal
- name: golang.org/x/net
  version: a680a1efc54dd51c040b3b5ce4939ea3cf2ea0d1
  subpackages:
  - html
  - html/atom
  - html/charset
- name: golang.org/x/sys
  version: ac767d655b305d4e9612f5f6e33120b9176c4ad4
  subpackages:
  - unix
  - windows
- name: gopkg.in/go-playground/validator.v8
  version: 5f1438d3fca68893a817e4a66806cea46a9e4ebf
- name: gopkg.in/yaml.v2
  version: 5420a8b6744d3b0345ab293f6fcba19c978f1183
testImports:
- name: github.com/hpcloud/tail
  version: a1dbeea552b7c8df4b542c66073e393de198a800
  subpackages:
  - ratelimiter
  - util
  - watch
  - winfile
- name: golang.org/x/text
  version: 0605a8320aceb4207a5fb3521281e17ec2075476
  subpackages:
  - encoding
  - encoding/charmap
  - encoding/htmlindex
  - encoding/internal
  - encoding/internal/identifier
  - encoding/japanese
  - encoding/korean
  - encoding/simplifiedchinese
  - encoding/traditionalchinese
  - encoding/unicode
  - internal/language
  - internal/language/compact
  - internal/tag
  - internal/utf8internal
  - language
  - runes
  - transform
- name: gopkg.in/fsnotify/fsnotify.v1
  version: c2828203cd70a50dcccfb2761f8b1f8ceef9a8e9
- name: gopkg.in/tomb.v1
  version: c131134a1947e9afd9cecfe11f4c6dff0732ae58
